
Microsoft Visual Studio Solution File, Format Version 12.00
# Visual Studio Version 17
VisualStudioVersion = 17.8.34525.116
MinimumVisualStudioVersion = 10.0.40219.1
Project("{FAE04EC0-301F-11D3-BF4B-00C04F79EFBC}") = "Client_Project", "Client_Project.csproj", "{22F6993F-7BBB-4697-BC01-72EE7EC43A20}"
EndProject
Global
	GlobalSection(SolutionConfigurationPlatforms) = preSolution
		Debug|Any CPU = Debug|Any CPU
		Release|Any CPU = Release|Any CPU
	EndGlobalSection
	GlobalSection(ProjectConfigurationPlatforms) = postSolution
		{22F6993F-7BBB-4697-BC01-72EE7EC43A20}.Debug|Any CPU.ActiveCfg = Debug|Any CPU
		{22F6993F-7BBB-4697-BC01-72EE7EC43A20}.Debug|Any CPU.Build.0 = Debug|Any CPU
		{22F6993F-7BBB-4697-BC01-72EE7EC43A20}.Release|Any CPU.ActiveCfg = Release|Any CPU
		{22F6993F-7BBB-4697-BC01-72EE7EC43A20}.Release|Any CPU.Build.0 = Release|Any CPU
	EndGlobalSection
	GlobalSection(SolutionProperties) = preSolution
		HideSolutionNode = FALSE
	EndGlobalSection
	GlobalSection(ExtensibilityGlobals) = postSolution
		SolutionGuid = {7ED7E3A6-16DE-4689-B8DF-BB8AF9DED212}
	EndGlobalSection
EndGlobal
